PODS:
  - Alamofire (5.5.0)
  - Flutter (1.0.0)
  - kakao_login (0.0.1):
    - Flutter
    - KakaoSDKAuth (= 2.8.6)
    - KakaoSDKCommon (= 2.8.6)
    - KakaoSDKUser (= 2.8.6)
  - KakaoSDKAuth (2.8.6):
    - KakaoSDKCommon (= 2.8.6)
  - KakaoSDKCommon (2.8.6):
    - KakaoSDKCommon/Common (= 2.8.6)
    - KakaoSDKCommon/Network (= 2.8.6)
  - KakaoSDKCommon/Common (2.8.6)
  - KakaoSDKCommon/Network (2.8.6):
    - Alamofire (~> 5.1)
    - KakaoSDKCommon/Common (= 2.8.6)
  - KakaoSDKUser (2.8.6):
    - KakaoSDKAuth (= 2.8.6)

DEPENDENCIES:
  - Flutter (from `Flutter`)
  - kakao_login (from `.symlinks/plugins/kakao_login/ios`)

SPEC REPOS:
  trunk:
    - Alamofire
    - KakaoSDKAuth
    - KakaoSDKCommon
    - KakaoSDKUser

EXTERNAL SOURCES:
  Flutter:
    :path: Flutter
  kakao_login:
    :path: ".symlinks/plugins/kakao_login/ios"

SPEC CHECKSUMS:
  Alamofire: 1c4fb5369c3fe93d2857c780d8bbe09f06f97e7c
  Flutter: 50d75fe2f02b26cc09d224853bb45737f8b3214a
  kakao_login: 46416ea4b8ce12c5fc4ffacd99c6aa8216ec5394
  KakaoSDKAuth: 53e747a3bf343a3f3e87b14478d5a865d6c2acae
  KakaoSDKCommon: 7e56600ff4c1bd82bed93fea4299b5a37f47e6a5
  KakaoSDKUser: e79480355fa789f42e628dfba359fc21e9914f4c

PODFILE CHECKSUM: 7368163408c647b7eb699d0d788ba6718e18fb8d

COCOAPODS: 1.11.0
